Microsoft Visual Studio Solution File, Format Version 12.00
# Visual Studio Version 17
VisualStudioVersion = 17.5.2.0
MinimumVisualStudioVersion = 10.0.40219.1
Project("{FAE04EC0-301F-11D3-BF4B-00C04F79EFBC}") = "ZA_Membership", "ZA_Membership\ZA_Membership.csproj", "{60C12119-5D06-986B-E400-9840A6FF8248}"
EndProject
Global
	GlobalSection(SolutionConfigurationPlatforms) = preSolution
		Debug|Any CPU = Debug|Any CPU
		Release|Any CPU = Release|Any CPU
	EndGlobalSection
	GlobalSection(ProjectConfigurationPlatforms) = postSolution
		{60C12119-5D06-986B-E400-9840A6FF8248}.Debug|Any CPU.ActiveCfg = Debug|Any CPU
		{60C12119-5D06-986B-E400-9840A6FF8248}.Debug|Any CPU.Build.0 = Debug|Any CPU
		{60C12119-5D06-986B-E400-9840A6FF8248}.Release|Any CPU.ActiveCfg = Release|Any CPU
		{60C12119-5D06-986B-E400-9840A6FF8248}.Release|Any CPU.Build.0 = Release|Any CPU
	EndGlobalSection
	GlobalSection(SolutionProperties) = preSolution
		HideSolutionNode = FALSE
	EndGlobalSection
	GlobalSection(ExtensibilityGlobals) = postSolution
		SolutionGuid = {80FD430E-81D4-488F-9DEE-AEC838FB1100}
	EndGlobalSection
EndGlobal
